
Microsoft Visual Studio Solution File, Format Version 12.00
# Visual Studio Version 17
VisualStudioVersion = 17.4.32916.344
MinimumVisualStudioVersion = 10.0.40219.1
Project("{FAE04EC0-301F-11D3-BF4B-00C04F79EFBC}") = "TraderHelper", "TraderHelper\TraderHelper.csproj", "{CE06F382-0005-4249-A23C-9EF3B6FF9325}"
EndProject
Global
	GlobalSection(SolutionConfigurationPlatforms) = preSolution
		Debug|Any CPU = Debug|Any CPU
		Release|Any CPU = Release|Any CPU
	EndGlobalSection
	GlobalSection(ProjectConfigurationPlatforms) = postSolution
		{CE06F382-0005-4249-A23C-9EF3B6FF9325}.Debug|Any CPU.ActiveCfg = Debug|Any CPU
		{CE06F382-0005-4249-A23C-9EF3B6FF9325}.Debug|Any CPU.Build.0 = Debug|Any CPU
		{CE06F382-0005-4249-A23C-9EF3B6FF9325}.Release|Any CPU.ActiveCfg = Release|Any CPU
		{CE06F382-0005-4249-A23C-9EF3B6FF9325}.Release|Any CPU.Build.0 = Release|Any CPU
	EndGlobalSection
	GlobalSection(SolutionProperties) = preSolution
		HideSolutionNode = FALSE
	EndGlobalSection
	GlobalSection(ExtensibilityGlobals) = postSolution
		SolutionGuid = {CF8483E0-BDE6-4269-A101-B8DC3BE7FDC4}
	EndGlobalSection
EndGlobal
